
Microsoft Visual Studio Solution File, Format Version 12.00
# Visual Studio Version 17
VisualStudioVersion = 17.7.34003.232
MinimumVisualStudioVersion = 10.0.40219.1
Project("{9A19103F-16F7-4668-BE54-9A1E7A4F7556}") = "Dovakin", "Dovakin\Dovakin.csproj", "{42D0A75A-669A-49C5-892B-6CAED91A48D8}"
EndProject
Project("{9A19103F-16F7-4668-BE54-9A1E7A4F7556}") = "Dovakin.Desktop", "Dovakin.Desktop\Dovakin.Desktop.csproj", "{10117E0F-D9F6-4773-B310-2BB51F10B98F}"
EndProject
Global
	GlobalSection(SolutionConfigurationPlatforms) = preSolution
		Debug|Any CPU = Debug|Any CPU
		Release|Any CPU = Release|Any CPU
	EndGlobalSection
	GlobalSection(ProjectConfigurationPlatforms) = postSolution
		{42D0A75A-669A-49C5-892B-6CAED91A48D8}.Debug|Any CPU.ActiveCfg = Debug|Any CPU
		{42D0A75A-669A-49C5-892B-6CAED91A48D8}.Debug|Any CPU.Build.0 = Debug|Any CPU
		{42D0A75A-669A-49C5-892B-6CAED91A48D8}.Release|Any CPU.ActiveCfg = Release|Any CPU
		{42D0A75A-669A-49C5-892B-6CAED91A48D8}.Release|Any CPU.Build.0 = Release|Any CPU
		{10117E0F-D9F6-4773-B310-2BB51F10B98F}.Debug|Any CPU.ActiveCfg = Debug|Any CPU
		{10117E0F-D9F6-4773-B310-2BB51F10B98F}.Debug|Any CPU.Build.0 = Debug|Any CPU
		{10117E0F-D9F6-4773-B310-2BB51F10B98F}.Release|Any CPU.ActiveCfg = Release|Any CPU
		{10117E0F-D9F6-4773-B310-2BB51F10B98F}.Release|Any CPU.Build.0 = Release|Any CPU
	EndGlobalSection
	GlobalSection(SolutionProperties) = preSolution
		HideSolutionNode = FALSE
	EndGlobalSection
	GlobalSection(ExtensibilityGlobals) = postSolution
		SolutionGuid = {B2AE7537-2648-423B-AAF4-CBA803C54D77}
	EndGlobalSection
EndGlobal
